
Microsoft Visual Studio Solution File, Format Version 12.00
# Visual Studio Version 17
VisualStudioVersion = 17.10.34707.107
MinimumVisualStudioVersion = 10.0.40219.1
Project("{9A19103F-16F7-4668-BE54-9A1E7A4F7556}") = "Tolerador", "Tolerador\Tolerador.csproj", "{1003DFB6-3007-43E2-A471-A486374447BC}"
EndProject
Global
	GlobalSection(SolutionConfigurationPlatforms) = preSolution
		Debug|Any CPU = Debug|Any CPU
		Release|Any CPU = Release|Any CPU
	EndGlobalSection
	GlobalSection(ProjectConfigurationPlatforms) = postSolution
		{1003DFB6-3007-43E2-A471-A486374447BC}.Debug|Any CPU.ActiveCfg = Debug|Any CPU
		{1003DFB6-3007-43E2-A471-A486374447BC}.Debug|Any CPU.Build.0 = Debug|Any CPU
		{1003DFB6-3007-43E2-A471-A486374447BC}.Release|Any CPU.ActiveCfg = Release|Any CPU
		{1003DFB6-3007-43E2-A471-A486374447BC}.Release|Any CPU.Build.0 = Release|Any CPU
	EndGlobalSection
	GlobalSection(SolutionProperties) = preSolution
		HideSolutionNode = FALSE
	EndGlobalSection
	GlobalSection(ExtensibilityGlobals) = postSolution
		SolutionGuid = {A9C8D0B4-D316-47B4-BD72-2C2BBC8456AB}
	EndGlobalSection
EndGlobal
